// !$*UTF8*$!
{
	archiveVersion = 1;
	classes = {
	};
	objectVersion = 46;
	objects = {

/* Begin PBXBuildFile section */
		C4D85C371CE87F9A006FC8B9 /* AppDelegate.swift in Sources */ = {isa = PBXBuildFile; fileRef = C4D85C361CE87F9A006FC8B9 /* AppDelegate.swift */; };
		C4D85C391CE87F9A006FC8B9 /* Assets.xcassets in Resources */ = {isa = PBXBuildFile; fileRef = C4D85C381CE87F9A006FC8B9 /* Assets.xcassets */; };
		C4D85C3C1CE87F9A006FC8B9 /* MainMenu.xib in Resources */ = {isa = PBXBuildFile; fileRef = C4D85C3A1CE87F9A006FC8B9 /* MainMenu.xib */; };
		C4D85C441CE88264006FC8B9 /* StatusMenuController.swift in Sources */ = {isa = PBXBuildFile; fileRef = C4D85C431CE88264006FC8B9 /* StatusMenuController.swift */; };
		C4D85C481CE8BF4B006FC8B9 /* Storage.swift in Sources */ = {isa = PBXBuildFile; fileRef = C4D85C471CE8BF4A006FC8B9 /* Storage.swift */; };
/* End PBXBuildFile section */

/* Begin PBXFileReference section */
		C4D85C331CE87F9A006FC8B9 /* GitMacStatusBar.app */ = {isa = PBXFileReference; explicitFileType = wrapper.application; includeInIndex = 0; path = GitMacStatusBar.app; sourceTree = BUILT_PRODUCTS_DIR; };
		C4D85C361CE87F9A006FC8B9 /* AppDelegate.swift */ = {isa = PBXFileReference; lastKnownFileType = sourcecode.swift; path = AppDelegate.swift; sourceTree = "<group>"; };
		C4D85C381CE87F9A006FC8B9 /* Assets.xcassets */ = {isa = PBXFileReference; lastKnownFileType = folder.assetcatalog; path = Assets.xcassets; sourceTree = "<group>"; };
		C4D85C3B1CE87F9A006FC8B9 /* Base */ = {isa = PBXFileReference; lastKnownFileType = file.xib; name = Base; path = Base.lproj/MainMenu.xib; sourceTree = "<group>"; };
		C4D85C3D1CE87F9A006FC8B9 /* Info.plist */ = {isa = PBXFileReference; lastKnownFileType = text.plist.xml; path = Info.plist; sourceTree = "<group>"; };
		C4D85C431CE88264006FC8B9 /* StatusMenuController.swift */ = {isa = PBXFileReference; fileEncoding = 4; lastKnownFileType = sourcecode.swift; path = StatusMenuController.swift; sourceTree = "<group>"; };
		C4D85C471CE8BF4A006FC8B9 /* Storage.swift */ = {isa = PBXFileReference; fileEncoding = 4; lastKnownFileType = sourcecode.swift; path = Storage.swift; sourceTree = "<group>"; };
/* End PBXFileReference section */

/* Begin PBXFrameworksBuildPhase section */
		C4D85C301CE87F9A006FC8B9 /* Frameworks */ = {
			isa = PBXFrameworksBuildPhase;
			buildActionMask = 2147483647;
			files = (
			);
			runOnlyForDeploymentPostprocessing = 0;
		};
/* End PBXFrameworksBuildPhase section */

/* Begin PBXGroup section */
		C4D85C2A1CE87F9A006FC8B9 = {
			isa = PBXGroup;
			children = (
				C4D85C351CE87F9A006FC8B9 /* GitMacStatusBar */,
				C4D85C341CE87F9A006FC8B9 /* Products */,
			);
			sourceTree = "<group>";
		};
		C4D85C341CE87F9A006FC8B9 /* Products */ = {
			isa = PBXGroup;
			children = (
				C4D85C331CE87F9A006FC8B9 /* GitMacStatusBar.app */,
			);
			name = Products;
			sourceTree = "<group>";
		};
		C4D85C351CE87F9A006FC8B9 /* GitMacStatusBar */ = {
			isa = PBXGroup;
			children = (
				C4D85C361CE87F9A006FC8B9 /* AppDelegate.swift */,
				C4D85C431CE88264006FC8B9 /* StatusMenuController.swift */,
				C4D85C381CE87F9A006FC8B9 /* Assets.xcassets */,
				C4D85C3A1CE87F9A006FC8B9 /* MainMenu.xib */,
				C4D85C3D1CE87F9A006FC8B9 /* Info.plist */,
				C4D85C471CE8BF4A006FC8B9 /* Storage.swift */,
			);
			path = GitMacStatusBar;
			sourceTree = "<group>";
		};
/* End PBXGroup section */

/* Begin PBXNativeTarget section */
		C4D85C321CE87F9A006FC8B9 /* GitMacStatusBar */ = {
			isa = PBXNativeTarget;
			buildConfigurationList = C4D85C401CE87F9A006FC8B9 /* Build configuration list for PBXNativeTarget "GitMacStatusBar" */;
			buildPhases = (
				C4D85C2F1CE87F9A006FC8B9 /* Sources */,
				C4D85C301CE87F9A006FC8B9 /* Frameworks */,
				C4D85C311CE87F9A006FC8B9 /* Resources */,
			);
			buildRules = (
			);
			dependencies = (
			);
			name = GitMacStatusBar;
			productName = GitMacStatusBar;
			productReference = C4D85C331CE87F9A006FC8B9 /* GitMacStatusBar.app */;
			productType = "com.apple.product-type.application";
		};
/* End PBXNativeTarget section */

/* Begin PBXProject section */
		C4D85C2B1CE87F9A006FC8B9 /* Project object */ = {
			isa = PBXProject;
			attributes = {
				LastSwiftUpdateCheck = 0730;
				LastUpgradeCheck = 0730;
				ORGANIZATIONNAME = Roberto;
				TargetAttributes = {
					C4D85C321CE87F9A006FC8B9 = {
						CreatedOnToolsVersion = 7.3.1;
						LastSwiftMigration = 0820;
					};
				};
			};
			buildConfigurationList = C4D85C2E1CE87F9A006FC8B9 /* Build configuration list for PBXProject "GitMacStatusBar" */;
			compatibilityVersion = "Xcode 3.2";
			developmentRegion = English;
			hasScannedForEncodings = 0;
			knownRegions = (
				en,
				Base,
			);
			mainGroup = C4D85C2A1CE87F9A006FC8B9;
			productRefGroup = C4D85C341CE87F9A006FC8B9 /* Products */;
			projectDirPath = "";
			projectRoot = "";
			targets = (
				C4D85C321CE87F9A006FC8B9 /* GitMacStatusBar */,
			);
		};
/* End PBXProject section */

/* Begin PBXResourcesBuildPhase section */
		C4D85C311CE87F9A006FC8B9 /* Resources */ = {
			isa = PBXResourcesBuildPhase;
			buildActionMask = 2147483647;
			files = (
				C4D85C391CE87F9A006FC8B9 /* Assets.xcassets in Resources */,
				C4D85C3C1CE87F9A006FC8B9 /* MainMenu.xib in Resources */,
			);
			runOnlyForDeploymentPostprocessing = 0;
		};
/* End PBXResourcesBuildPhase section */

/* Begin PBXSourcesBuildPhase section */
		C4D85C2F1CE87F9A006FC8B9 /* Sources */ = {
			isa = PBXSourcesBuildPhase;
			buildActionMask = 2147483647;
			files = (
				C4D85C441CE88264006FC8B9 /* StatusMenuController.swift in Sources */,
				C4D85C371CE87F9A006FC8B9 /* AppDelegate.swift in Sources */,
				C4D85C481CE8BF4B006FC8B9 /* Storage.swift in Sources */,
			);
			runOnlyForDeploymentPostprocessing = 0;
		};
/* End PBXSourcesBuildPhase section */

/* Begin PBXVariantGroup section */
		C4D85C3A1CE87F9A006FC8B9 /* MainMenu.xib */ = {
			isa = PBXVariantGroup;
			children = (
				C4D85C3B1CE87F9A006FC8B9 /* Base */,
			);
			name = MainMenu.xib;
			sourceTree = "<group>";
		};
/* End PBXVariantGroup section */

/* Begin XCBuildConfiguration section */
		C4D85C3E1CE87F9A006FC8B9 /* Debug */ = {
			isa = XCBuildConfiguration;
			buildSettings = {
				ALWAYS_SEARCH_USER_PATHS = NO;
				CLANG_ANALYZER_NONNULL = YES;
				CLANG_CXX_LANGUAGE_STANDARD = "gnu++0x";
				CLANG_CXX_LIBRARY = "libc++";
				CLANG_ENABLE_MODULES = YES;
				CLANG_ENABLE_OBJC_ARC = YES;
				CLANG_WARN_BOOL_CONVERSION = YES;
				CLANG_WARN_CONSTANT_CONVERSION = YES;
				CLANG_WARN_DIRECT_OBJC_ISA_USAGE = YES_ERROR;
				CLANG_WARN_EMPTY_BODY = YES;
				CLANG_WARN_ENUM_CONVERSION = YES;
				CLANG_WARN_INT_CONVERSION = YES;
				CLANG_WARN_OBJC_ROOT_CLASS = YES_ERROR;
				CLANG_WARN_UNREACHABLE_CODE = YES;
				CLANG_WARN__DUPLICATE_METHOD_MATCH = YES;
				CODE_SIGN_IDENTITY = "-";
				COPY_PHASE_STRIP = NO;
				DEBUG_INFORMATION_FORMAT = dwarf;
				ENABLE_STRICT_OBJC_MSGSEND = YES;
				ENABLE_TESTABILITY = YES;
				GCC_C_LANGUAGE_STANDARD = gnu99;
				GCC_DYNAMIC_NO_PIC = NO;
				GCC_NO_COMMON_BLOCKS = YES;
				GCC_OPTIMIZATION_LEVEL = 0;
				GCC_PREPROCESSOR_DEFINITIONS = (
					"DEBUG=1",
					"$(inherited)",
				);
				GCC_WARN_64_TO_32_BIT_CONVERSION = YES;
				GCC_WARN_ABOUT_RETURN_TYPE = YES_ERROR;
				GCC_WARN_UNDECLARED_SELECTOR = YES;
				GCC_WARN_UNINITIALIZED_AUTOS = YES_AGGRESSIVE;
				GCC_WARN_UNUSED_FUNCTION = YES;
				GCC_WARN_UNUSED_VARIABLE = YES;
				MACOSX_DEPLOYMENT_TARGET = 10.11;
				MTL_ENABLE_DEBUG_INFO = YES;
				ONLY_ACTIVE_ARCH = YES;
				SDKROOT = macosx;
				SWIFT_OPTIMIZATION_LEVEL = "-Onone";
			};
			name = Debug;
		};
		C4D85C3F1CE87F9A006FC8B9 /* Release */ = {
			isa = XCBuildConfiguration;
			buildSettings = {
				ALWAYS_SEARCH_USER_PATHS = NO;
				CLANG_ANALYZER_NONNULL = YES;
				CLANG_CXX_LANGUAGE_STANDARD = "gnu++0x";
				CLANG_CXX_LIBRARY = "libc++";
				CLANG_ENABLE_MODULES = YES;
				CLANG_ENABLE_OBJC_ARC = YES;
				CLANG_WARN_BOOL_CONVERSION = YES;
				CLANG_WARN_CONSTANT_CONVERSION = YES;
				CLANG_WARN_DIRECT_OBJC_ISA_USAGE = YES_ERROR;
				CLANG_WARN_EMPTY_BODY = YES;
				CLANG_WARN_ENUM_CONVERSION = YES;
				CLANG_WARN_INT_CONVERSION = YES;
				CLANG_WARN_OBJC_ROOT_CLASS = YES_ERROR;
				CLANG_WARN_UNREACHABLE_CODE = YES;
				CLANG_WARN__DUPLICATE_METHOD_MATCH = YES;
				CODE_SIGN_IDENTITY = "-";
				COPY_PHASE_STRIP = NO;
				DEBUG_INFORMATION_FORMAT = "dwarf-with-dsym";
				ENABLE_NS_ASSERTIONS = NO;
				ENABLE_STRICT_OBJC_MSGSEND = YES;
				GCC_C_LANGUAGE_STANDARD = gnu99;
				GCC_NO_COMMON_BLOCKS = YES;
				GCC_WARN_64_TO_32_BIT_CONVERSION = YES;
				GCC_WARN_ABOUT_RETURN_TYPE = YES_ERROR;
				GCC_WARN_UNDECLARED_SELECTOR = YES;
				GCC_WARN_UNINITIALIZED_AUTOS = YES_AGGRESSIVE;
				GCC_WARN_UNUSED_FUNCTION = YES;
				GCC_WARN_UNUSED_VARIABLE = YES;
				MACOSX_DEPLOYMENT_TARGET = 10.11;
				MTL_ENABLE_DEBUG_INFO = NO;
				SDKROOT = macosx;
			};
			name = Release;
		};
		C4D85C411CE87F9A006FC8B9 /* Debug */ = {
			isa = XCBuildConfiguration;
			buildSettings = {
				ASSETCATALOG_COMPILER_APPICON_NAME = AppIcon;
				COMBINE_HIDPI_IMAGES = YES;
				INFOPLIST_FILE = GitMacStatusBar/Info.plist;
				LD_RUNPATH_SEARCH_PATHS = "$(inherited) @executable_path/../Frameworks";
				PRODUCT_BUNDLE_IDENTIFIER = com.bobvann.GitMacStatusBar;
				PRODUCT_NAME = "$(TARGET_NAME)";
				SWIFT_VERSION = 3.0;
			};
			name = Debug;
		};
		C4D85C421CE87F9A006FC8B9 /* Release */ = {
			isa = XCBuildConfiguration;
			buildSettings = {
				ASSETCATALOG_COMPILER_APPICON_NAME = AppIcon;
				COMBINE_HIDPI_IMAGES = YES;
				INFOPLIST_FILE = GitMacStatusBar/Info.plist;
				LD_RUNPATH_SEARCH_PATHS = "$(inherited) @executable_path/../Frameworks";
				PRODUCT_BUNDLE_IDENTIFIER = com.bobvann.GitMacStatusBar;
				PRODUCT_NAME = "$(TARGET_NAME)";
				SWIFT_VERSION = 3.0;
			};
			name = Release;
		};
/* End XCBuildConfiguration section */

/* Begin XCConfigurationList section */
		C4D85C2E1CE87F9A006FC8B9 /* Build configuration list for PBXProject "GitMacStatusBar" */ = {
			isa = XCConfigurationList;
			buildConfigurations = (
				C4D85C3E1CE87F9A006FC8B9 /* Debug */,
				C4D85C3F1CE87F9A006FC8B9 /* Release */,
			);
			defaultConfigurationIsVisible = 0;
			defaultConfigurationName = Release;
		};
		C4D85C401CE87F9A006FC8B9 /* Build configuration list for PBXNativeTarget "GitMacStatusBar" */ = {
			isa = XCConfigurationList;
			buildConfigurations = (
				C4D85C411CE87F9A006FC8B9 /* Debug */,
				C4D85C421CE87F9A006FC8B9 /* Release */,
			);
			defaultConfigurationIsVisible = 0;
			defaultConfigurationName = Release;
		};
/* End XCConfigurationList section */
	};
	rootObject = C4D85C2B1CE87F9A006FC8B9 /* Project object */;
}
